
Microsoft Visual Studio Solution File, Format Version 12.00
# Visual Studio Version 16
VisualStudioVersion = 16.0.29324.140
MinimumVisualStudioVersion = 10.0.40219.1
Project("{FAE04EC0-301F-11D3-BF4B-00C04F79EFBC}") = "AutonomousDriving", "AutonomousDriving\AutonomousDriving.csproj", "{BB21B02E-D35F-46BC-9BB6-0168BB1219B0}"
EndProject
Global
	GlobalSection(SolutionConfigurationPlatforms) = preSolution
		Debug|Any CPU = Debug|Any CPU
		Release|Any CPU = Release|Any CPU
	EndGlobalSection
	GlobalSection(ProjectConfigurationPlatforms) = postSolution
		{BB21B02E-D35F-46BC-9BB6-0168BB1219B0}.Debug|Any CPU.ActiveCfg = Debug|Any CPU
		{BB21B02E-D35F-46BC-9BB6-0168BB1219B0}.Debug|Any CPU.Build.0 = Debug|Any CPU
		{BB21B02E-D35F-46BC-9BB6-0168BB1219B0}.Release|Any CPU.ActiveCfg = Release|Any CPU
		{BB21B02E-D35F-46BC-9BB6-0168BB1219B0}.Release|Any CPU.Build.0 = Release|Any CPU
	EndGlobalSection
	GlobalSection(SolutionProperties) = preSolution
		HideSolutionNode = FALSE
	EndGlobalSection
	GlobalSection(ExtensibilityGlobals) = postSolution
		SolutionGuid = {281CAB1B-E38C-4F86-AC33-D91A4D1CFC82}
	EndGlobalSection
EndGlobal
